// !$*UTF8*$!
{
	archiveVersion = 1;
	classes = {
	};
	objectVersion = 56;
	objects = {

/* Begin PBXBuildFile section */
		40ACE0C629F900CB0048F532 /* AppDelegate.m in Sources */ = {isa = PBXBuildFile; fileRef = 40ACE0C529F900CB0048F532 /* AppDelegate.m */; };
		40ACE0C929F900CB0048F532 /* SceneDelegate.m in Sources */ = {isa = PBXBuildFile; fileRef = 40ACE0C829F900CB0048F532 /* SceneDelegate.m */; };
		40ACE0D129F900CC0048F532 /* Assets.xcassets in Resources */ = {isa = PBXBuildFile; fileRef = 40ACE0D029F900CC0048F532 /* Assets.xcassets */; };
		40ACE0D429F900CC0048F532 /* LaunchScreen.storyboard in Resources */ = {isa = PBXBuildFile; fileRef = 40ACE0D229F900CC0048F532 /* LaunchScreen.storyboard */; };
		40ACE0D729F900CC0048F532 /* main.m in Sources */ = {isa = PBXBuildFile; fileRef = 40ACE0D629F900CC0048F532 /* main.m */; };
		40ACE0E129F900CC0048F532 /* LBAppConfigurationExampleTests.m in Sources */ = {isa = PBXBuildFile; fileRef = 40ACE0E029F900CC0048F532 /* LBAppConfigurationExampleTests.m */; };
		40ACE0EB29F900CC0048F532 /* LBAppConfigurationExampleUITests.m in Sources */ = {isa = PBXBuildFile; fileRef = 40ACE0EA29F900CC0048F532 /* LBAppConfigurationExampleUITests.m */; };
		40ACE0ED29F900CC0048F532 /* LBAppConfigurationExampleUITestsLaunchTests.m in Sources */ = {isa = PBXBuildFile; fileRef = 40ACE0EC29F900CC0048F532 /* LBAppConfigurationExampleUITestsLaunchTests.m */; };
		40ACE19A29F911120048F532 /* LBAppConfiguration.podspec in Resources */ = {isa = PBXBuildFile; fileRef = 40ACE18629F911120048F532 /* LBAppConfiguration.podspec */; };
		40ACE1EA29FA06930048F532 /* HomeViewController.m in Sources */ = {isa = PBXBuildFile; fileRef = 40ACE1E329FA06930048F532 /* HomeViewController.m */; };
		40ACE1EB29FA06930048F532 /* TabBarViewController.m in Sources */ = {isa = PBXBuildFile; fileRef = 40ACE1E629FA06930048F532 /* TabBarViewController.m */; };
		40ACE1EC29FA06930048F532 /* LoginViewController.m in Sources */ = {isa = PBXBuildFile; fileRef = 40ACE1E829FA06930048F532 /* LoginViewController.m */; };
		40ACE20029FA06A00048F532 /* LBAppConfiguration+IQKeyboard.m in Sources */ = {isa = PBXBuildFile; fileRef = 40ACE1F029FA06A00048F532 /* LBAppConfiguration+IQKeyboard.m */; };
		40ACE20129FA06A00048F532 /* LBAppConfiguration+JPush.m in Sources */ = {isa = PBXBuildFile; fileRef = 40ACE1F229FA06A00048F532 /* LBAppConfiguration+JPush.m */; };
		40ACE20229FA06A00048F532 /* LBAppConfiguration+SDWebImage.m in Sources */ = {isa = PBXBuildFile; fileRef = 40ACE1F529FA06A00048F532 /* LBAppConfiguration+SDWebImage.m */; };
		40ACE20329FA06A00048F532 /* LBAppConfiguration.m in Sources */ = {isa = PBXBuildFile; fileRef = 40ACE1F929FA06A00048F532 /* LBAppConfiguration.m */; };
		40ACE20429FA06A00048F532 /* LBAppConfiguration+Notifications.m in Sources */ = {isa = PBXBuildFile; fileRef = 40ACE1FC29FA06A00048F532 /* LBAppConfiguration+Notifications.m */; };
		40ACE20529FA06A00048F532 /* LBAppConfiguration+Login.m in Sources */ = {isa = PBXBuildFile; fileRef = 40ACE1FE29FA06A00048F532 /* LBAppConfiguration+Login.m */; };
		CDAB153CD7D8B9AE128F9A30 /* Pods_LBAppConfigurationExample.framework in Frameworks */ = {isa = PBXBuildFile; fileRef = 0B19D32657C741E76E369BDB /* Pods_LBAppConfigurationExample.framework */; };
/* End PBXBuildFile section */

/* Begin PBXContainerItemProxy section */
		40ACE0DD29F900CC0048F532 /* PBXContainerItemProxy */ = {
			isa = PBXContainerItemProxy;
			containerPortal = 40ACE0B929F900CB0048F532 /* Project object */;
			proxyType = 1;
			remoteGlobalIDString = 40ACE0C029F900CB0048F532;
			remoteInfo = LBAppConfigurationExample;
		};
		40ACE0E729F900CC0048F532 /* PBXContainerItemProxy */ = {
			isa = PBXContainerItemProxy;
			containerPortal = 40ACE0B929F900CB0048F532 /* Project object */;
			proxyType = 1;
			remoteGlobalIDString = 40ACE0C029F900CB0048F532;
			remoteInfo = LBAppConfigurationExample;
		};
/* End PBXContainerItemProxy section */

/* Begin PBXFileReference section */
		0B19D32657C741E76E369BDB /* Pods_LBAppConfigurationExample.framework */ = {isa = PBXFileReference; explicitFileType = wrapper.framework; includeInIndex = 0; path = Pods_LBAppConfigurationExample.framework; sourceTree = BUILT_PRODUCTS_DIR; };
		101AC5F7AAD0126813BE463D /* Pods-LBAppConfigurationExample.debug.xcconfig */ = {isa = PBXFileReference; includeInIndex = 1; lastKnownFileType = text.xcconfig; name = "Pods-LBAppConfigurationExample.debug.xcconfig"; path = "Target Support Files/Pods-LBAppConfigurationExample/Pods-LBAppConfigurationExample.debug.xcconfig"; sourceTree = "<group>"; };
		3E5F4257CEE91D23F489679F /* Pods-LBAppConfigurationExample.release.xcconfig */ = {isa = PBXFileReference; includeInIndex = 1; lastKnownFileType = text.xcconfig; name = "Pods-LBAppConfigurationExample.release.xcconfig"; path = "Target Support Files/Pods-LBAppConfigurationExample/Pods-LBAppConfigurationExample.release.xcconfig"; sourceTree = "<group>"; };
		40ACE0C129F900CB0048F532 /* LBAppConfigurationExample.app */ = {isa = PBXFileReference; explicitFileType = wrapper.application; includeInIndex = 0; path = LBAppConfigurationExample.app; sourceTree = BUILT_PRODUCTS_DIR; };
		40ACE0C429F900CB0048F532 /* AppDelegate.h */ = {isa = PBXFileReference; lastKnownFileType = sourcecode.c.h; path = AppDelegate.h; sourceTree = "<group>"; };
		40ACE0C529F900CB0048F532 /* AppDelegate.m */ = {isa = PBXFileReference; lastKnownFileType = sourcecode.c.objc; path = AppDelegate.m; sourceTree = "<group>"; };
		40ACE0C729F900CB0048F532 /* SceneDelegate.h */ = {isa = PBXFileReference; lastKnownFileType = sourcecode.c.h; path = SceneDelegate.h; sourceTree = "<group>"; };
		40ACE0C829F900CB0048F532 /* SceneDelegate.m */ = {isa = PBXFileReference; lastKnownFileType = sourcecode.c.objc; path = SceneDelegate.m; sourceTree = "<group>"; };
		40ACE0D029F900CC0048F532 /* Assets.xcassets */ = {isa = PBXFileReference; lastKnownFileType = folder.assetcatalog; path = Assets.xcassets; sourceTree = "<group>"; };
		40ACE0D329F900CC0048F532 /* Base */ = {isa = PBXFileReference; lastKnownFileType = file.storyboard; name = Base; path = Base.lproj/LaunchScreen.storyboard; sourceTree = "<group>"; };
		40ACE0D529F900CC0048F532 /* Info.plist */ = {isa = PBXFileReference; lastKnownFileType = text.plist.xml; path = Info.plist; sourceTree = "<group>"; };
		40ACE0D629F900CC0048F532 /* main.m */ = {isa = PBXFileReference; lastKnownFileType = sourcecode.c.objc; path = main.m; sourceTree = "<group>"; };
		40ACE0DC29F900CC0048F532 /* LBAppConfigurationExampleTests.xctest */ = {isa = PBXFileReference; explicitFileType = wrapper.cfbundle; includeInIndex = 0; path = LBAppConfigurationExampleTests.xctest; sourceTree = BUILT_PRODUCTS_DIR; };
		40ACE0E029F900CC0048F532 /* LBAppConfigurationExampleTests.m */ = {isa = PBXFileReference; lastKnownFileType = sourcecode.c.objc; path = LBAppConfigurationExampleTests.m; sourceTree = "<group>"; };
		40ACE0E629F900CC0048F532 /* LBAppConfigurationExampleUITests.xctest */ = {isa = PBXFileReference; explicitFileType = wrapper.cfbundle; includeInIndex = 0; path = LBAppConfigurationExampleUITests.xctest; sourceTree = BUILT_PRODUCTS_DIR; };
		40ACE0EA29F900CC0048F532 /* LBAppConfigurationExampleUITests.m */ = {isa = PBXFileReference; lastKnownFileType = sourcecode.c.objc; path = LBAppConfigurationExampleUITests.m; sourceTree = "<group>"; };
		40ACE0EC29F900CC0048F532 /* LBAppConfigurationExampleUITestsLaunchTests.m */ = {isa = PBXFileReference; lastKnownFileType = sourcecode.c.objc; path = LBAppConfigurationExampleUITestsLaunchTests.m; sourceTree = "<group>"; };
		40ACE18629F911120048F532 /* LBAppConfiguration.podspec */ = {isa = PBXFileReference; fileEncoding = 4; lastKnownFileType = text; path = LBAppConfiguration.podspec; sourceTree = "<group>"; };
		40ACE1E329FA06930048F532 /* HomeViewController.m */ = {isa = PBXFileReference; fileEncoding = 4; lastKnownFileType = sourcecode.c.objc; path = HomeViewController.m; sourceTree = "<group>"; };
		40ACE1E429FA06930048F532 /* TabBarViewController.h */ = {isa = PBXFileReference; fileEncoding = 4; lastKnownFileType = sourcecode.c.h; path = TabBarViewController.h; sourceTree = "<group>"; };
		40ACE1E529FA06930048F532 /* HomeViewController.h */ = {isa = PBXFileReference; fileEncoding = 4; lastKnownFileType = sourcecode.c.h; path = HomeViewController.h; sourceTree = "<group>"; };
		40ACE1E629FA06930048F532 /* TabBarViewController.m */ = {isa = PBXFileReference; fileEncoding = 4; lastKnownFileType = sourcecode.c.objc; path = TabBarViewController.m; sourceTree = "<group>"; };
		40ACE1E829FA06930048F532 /* LoginViewController.m */ = {isa = PBXFileReference; fileEncoding = 4; lastKnownFileType = sourcecode.c.objc; path = LoginViewController.m; sourceTree = "<group>"; };
		40ACE1E929FA06930048F532 /* LoginViewController.h */ = {isa = PBXFileReference; fileEncoding = 4; lastKnownFileType = sourcecode.c.h; path = LoginViewController.h; sourceTree = "<group>"; };
		40ACE1EF29FA06A00048F532 /* LBAppConfiguration+IQKeyboard.h */ = {isa = PBXFileReference; fileEncoding = 4; lastKnownFileType = sourcecode.c.h; path = "LBAppConfiguration+IQKeyboard.h"; sourceTree = "<group>"; };
		40ACE1F029FA06A00048F532 /* LBAppConfiguration+IQKeyboard.m */ = {isa = PBXFileReference; fileEncoding = 4; lastKnownFileType = sourcecode.c.objc; path = "LBAppConfiguration+IQKeyboard.m"; sourceTree = "<group>"; };
		40ACE1F229FA06A00048F532 /* LBAppConfiguration+JPush.m */ = {isa = PBXFileReference; fileEncoding = 4; lastKnownFileType = sourcecode.c.objc; path = "LBAppConfiguration+JPush.m"; sourceTree = "<group>"; };
		40ACE1F329FA06A00048F532 /* LBAppConfiguration+JPush.h */ = {isa = PBXFileReference; fileEncoding = 4; lastKnownFileType = sourcecode.c.h; path = "LBAppConfiguration+JPush.h"; sourceTree = "<group>"; };
		40ACE1F529FA06A00048F532 /* LBAppConfiguration+SDWebImage.m */ = {isa = PBXFileReference; fileEncoding = 4; lastKnownFileType = sourcecode.c.objc; path = "LBAppConfiguration+SDWebImage.m"; sourceTree = "<group>"; };
		40ACE1F629FA06A00048F532 /* LBAppConfiguration+SDWebImage.h */ = {isa = PBXFileReference; fileEncoding = 4; lastKnownFileType = sourcecode.c.h; path = "LBAppConfiguration+SDWebImage.h"; sourceTree = "<group>"; };
		40ACE1F829FA06A00048F532 /* LBAppConfiguration.h */ = {isa = PBXFileReference; fileEncoding = 4; lastKnownFileType = sourcecode.c.h; path = LBAppConfiguration.h; sourceTree = "<group>"; };
		40ACE1F929FA06A00048F532 /* LBAppConfiguration.m */ = {isa = PBXFileReference; fileEncoding = 4; lastKnownFileType = sourcecode.c.objc; path = LBAppConfiguration.m; sourceTree = "<group>"; };
		40ACE1FB29FA06A00048F532 /* LBAppConfiguration+Notifications.h */ = {isa = PBXFileReference; fileEncoding = 4; lastKnownFileType = sourcecode.c.h; path = "LBAppConfiguration+Notifications.h"; sourceTree = "<group>"; };
		40ACE1FC29FA06A00048F532 /* LBAppConfiguration+Notifications.m */ = {isa = PBXFileReference; fileEncoding = 4; lastKnownFileType = sourcecode.c.objc; path = "LBAppConfiguration+Notifications.m"; sourceTree = "<group>"; };
		40ACE1FE29FA06A00048F532 /* LBAppConfiguration+Login.m */ = {isa = PBXFileReference; fileEncoding = 4; lastKnownFileType = sourcecode.c.objc; path = "LBAppConfiguration+Login.m"; sourceTree = "<group>"; };
		40ACE1FF29FA06A00048F532 /* LBAppConfiguration+Login.h */ = {isa = PBXFileReference; fileEncoding = 4; lastKnownFileType = sourcecode.c.h; path = "LBAppConfiguration+Login.h"; sourceTree = "<group>"; };
/* End PBXFileReference section */

/* Begin PBXFrameworksBuildPhase section */
		40ACE0BE29F900CB0048F532 /* Frameworks */ = {
			isa = PBXFrameworksBuildPhase;
			buildActionMask = 2147483647;
			files = (
				CDAB153CD7D8B9AE128F9A30 /* Pods_LBAppConfigurationExample.framework in Frameworks */,
			);
			runOnlyForDeploymentPostprocessing = 0;
		};
		40ACE0D929F900CC0048F532 /* Frameworks */ = {
			isa = PBXFrameworksBuildPhase;
			buildActionMask = 2147483647;
			files = (
			);
			runOnlyForDeploymentPostprocessing = 0;
		};
		40ACE0E329F900CC0048F532 /* Frameworks */ = {
			isa = PBXFrameworksBuildPhase;
			buildActionMask = 2147483647;
			files = (
			);
			runOnlyForDeploymentPostprocessing = 0;
		};
/* End PBXFrameworksBuildPhase section */

/* Begin PBXGroup section */
		40ACE0B829F900CB0048F532 = {
			isa = PBXGroup;
			children = (
				40ACE18629F911120048F532 /* LBAppConfiguration.podspec */,
				40ACE1ED29FA06A00048F532 /* LBAppConfiguration */,
				40ACE0C329F900CB0048F532 /* LBAppConfigurationExample */,
				40ACE0DF29F900CC0048F532 /* LBAppConfigurationExampleTests */,
				40ACE0E929F900CC0048F532 /* LBAppConfigurationExampleUITests */,
				40ACE0C229F900CB0048F532 /* Products */,
				9858AC7DCC95AAB0DDC4D88F /* Pods */,
				FF8B2A232798838FEAF63FFB /* Frameworks */,
			);
			sourceTree = "<group>";
		};
		40ACE0C229F900CB0048F532 /* Products */ = {
			isa = PBXGroup;
			children = (
				40ACE0C129F900CB0048F532 /* LBAppConfigurationExample.app */,
				40ACE0DC29F900CC0048F532 /* LBAppConfigurationExampleTests.xctest */,
				40ACE0E629F900CC0048F532 /* LBAppConfigurationExampleUITests.xctest */,
			);
			name = Products;
			sourceTree = "<group>";
		};
		40ACE0C329F900CB0048F532 /* LBAppConfigurationExample */ = {
			isa = PBXGroup;
			children = (
				40ACE1E729FA06930048F532 /* Login */,
				40ACE1E229FA06930048F532 /* TabBarController */,
				40ACE0C429F900CB0048F532 /* AppDelegate.h */,
				40ACE0C529F900CB0048F532 /* AppDelegate.m */,
				40ACE0C729F900CB0048F532 /* SceneDelegate.h */,
				40ACE0C829F900CB0048F532 /* SceneDelegate.m */,
				40ACE0D029F900CC0048F532 /* Assets.xcassets */,
				40ACE0D229F900CC0048F532 /* LaunchScreen.storyboard */,
				40ACE0D529F900CC0048F532 /* Info.plist */,
				40ACE0D629F900CC0048F532 /* main.m */,
			);
			path = LBAppConfigurationExample;
			sourceTree = "<group>";
		};
		40ACE0DF29F900CC0048F532 /* LBAppConfigurationExampleTests */ = {
			isa = PBXGroup;
			children = (
				40ACE0E029F900CC0048F532 /* LBAppConfigurationExampleTests.m */,
			);
			path = LBAppConfigurationExampleTests;
			sourceTree = "<group>";
		};
		40ACE0E929F900CC0048F532 /* LBAppConfigurationExampleUITests */ = {
			isa = PBXGroup;
			children = (
				40ACE0EA29F900CC0048F532 /* LBAppConfigurationExampleUITests.m */,
				40ACE0EC29F900CC0048F532 /* LBAppConfigurationExampleUITestsLaunchTests.m */,
			);
			path = LBAppConfigurationExampleUITests;
			sourceTree = "<group>";
		};
		40ACE1E229FA06930048F532 /* TabBarController */ = {
			isa = PBXGroup;
			children = (
				40ACE1E329FA06930048F532 /* HomeViewController.m */,
				40ACE1E429FA06930048F532 /* TabBarViewController.h */,
				40ACE1E529FA06930048F532 /* HomeViewController.h */,
				40ACE1E629FA06930048F532 /* TabBarViewController.m */,
			);
			path = TabBarController;
			sourceTree = "<group>";
		};
		40ACE1E729FA06930048F532 /* Login */ = {
			isa = PBXGroup;
			children = (
				40ACE1E829FA06930048F532 /* LoginViewController.m */,
				40ACE1E929FA06930048F532 /* LoginViewController.h */,
			);
			path = Login;
			sourceTree = "<group>";
		};
		40ACE1ED29FA06A00048F532 /* LBAppConfiguration */ = {
			isa = PBXGroup;
			children = (
				40ACE1F729FA06A00048F532 /* LBAppConfiguration */,
				40ACE1EE29FA06A00048F532 /* IQKeyboard */,
				40ACE1F129FA06A00048F532 /* JPush */,
				40ACE1F429FA06A00048F532 /* SDWebImage */,
				40ACE1FA29FA06A00048F532 /* Notifications */,
				40ACE1FD29FA06A00048F532 /* Login */,
			);
			path = LBAppConfiguration;
			sourceTree = "<group>";
		};
		40ACE1EE29FA06A00048F532 /* IQKeyboard */ = {
			isa = PBXGroup;
			children = (
				40ACE1EF29FA06A00048F532 /* LBAppConfiguration+IQKeyboard.h */,
				40ACE1F029FA06A00048F532 /* LBAppConfiguration+IQKeyboard.m */,
			);
			path = IQKeyboard;
			sourceTree = "<group>";
		};
		40ACE1F129FA06A00048F532 /* JPush */ = {
			isa = PBXGroup;
			children = (
				40ACE1F329FA06A00048F532 /* LBAppConfiguration+JPush.h */,
				40ACE1F229FA06A00048F532 /* LBAppConfiguration+JPush.m */,
			);
			path = JPush;
			sourceTree = "<group>";
		};
		40ACE1F429FA06A00048F532 /* SDWebImage */ = {
			isa = PBXGroup;
			children = (
				40ACE1F629FA06A00048F532 /* LBAppConfiguration+SDWebImage.h */,
				40ACE1F529FA06A00048F532 /* LBAppConfiguration+SDWebImage.m */,
			);
			path = SDWebImage;
			sourceTree = "<group>";
		};
		40ACE1F729FA06A00048F532 /* LBAppConfiguration */ = {
			isa = PBXGroup;
			children = (
				40ACE1F829FA06A00048F532 /* LBAppConfiguration.h */,
				40ACE1F929FA06A00048F532 /* LBAppConfiguration.m */,
			);
			path = LBAppConfiguration;
			sourceTree = "<group>";
		};
		40ACE1FA29FA06A00048F532 /* Notifications */ = {
			isa = PBXGroup;
			children = (
				40ACE1FB29FA06A00048F532 /* LBAppConfiguration+Notifications.h */,
				40ACE1FC29FA06A00048F532 /* LBAppConfiguration+Notifications.m */,
			);
			path = Notifications;
			sourceTree = "<group>";
		};
		40ACE1FD29FA06A00048F532 /* Login */ = {
			isa = PBXGroup;
			children = (
				40ACE1FF29FA06A00048F532 /* LBAppConfiguration+Login.h */,
				40ACE1FE29FA06A00048F532 /* LBAppConfiguration+Login.m */,
			);
			path = Login;
			sourceTree = "<group>";
		};
		9858AC7DCC95AAB0DDC4D88F /* Pods */ = {
			isa = PBXGroup;
			children = (
				101AC5F7AAD0126813BE463D /* Pods-LBAppConfigurationExample.debug.xcconfig */,
				3E5F4257CEE91D23F489679F /* Pods-LBAppConfigurationExample.release.xcconfig */,
			);
			path = Pods;
			sourceTree = "<group>";
		};
		FF8B2A232798838FEAF63FFB /* Frameworks */ = {
			isa = PBXGroup;
			children = (
				0B19D32657C741E76E369BDB /* Pods_LBAppConfigurationExample.framework */,
			);
			name = Frameworks;
			sourceTree = "<group>";
		};
/* End PBXGroup section */

/* Begin PBXNativeTarget section */
		40ACE0C029F900CB0048F532 /* LBAppConfigurationExample */ = {
			isa = PBXNativeTarget;
			buildConfigurationList = 40ACE0F029F900CC0048F532 /* Build configuration list for PBXNativeTarget "LBAppConfigurationExample" */;
			buildPhases = (
				870CD12FD2F2617D51986841 /* [CP] Check Pods Manifest.lock */,
				40ACE0BD29F900CB0048F532 /* Sources */,
				40ACE0BE29F900CB0048F532 /* Frameworks */,
				40ACE0BF29F900CB0048F532 /* Resources */,
				E68FF30E753C34B114B35D95 /* [CP] Embed Pods Frameworks */,
			);
			buildRules = (
			);
			dependencies = (
			);
			name = LBAppConfigurationExample;
			productName = LBAppConfigurationExample;
			productReference = 40ACE0C129F900CB0048F532 /* LBAppConfigurationExample.app */;
			productType = "com.apple.product-type.application";
		};
		40ACE0DB29F900CC0048F532 /* LBAppConfigurationExampleTests */ = {
			isa = PBXNativeTarget;
			buildConfigurationList = 40ACE0F329F900CC0048F532 /* Build configuration list for PBXNativeTarget "LBAppConfigurationExampleTests" */;
			buildPhases = (
				40ACE0D829F900CC0048F532 /* Sources */,
				40ACE0D929F900CC0048F532 /* Frameworks */,
				40ACE0DA29F900CC0048F532 /* Resources */,
			);
			buildRules = (
			);
			dependencies = (
				40ACE0DE29F900CC0048F532 /* PBXTargetDependency */,
			);
			name = LBAppConfigurationExampleTests;
			productName = LBAppConfigurationExampleTests;
			productReference = 40ACE0DC29F900CC0048F532 /* LBAppConfigurationExampleTests.xctest */;
			productType = "com.apple.product-type.bundle.unit-test";
		};
		40ACE0E529F900CC0048F532 /* LBAppConfigurationExampleUITests */ = {
			isa = PBXNativeTarget;
			buildConfigurationList = 40ACE0F629F900CC0048F532 /* Build configuration list for PBXNativeTarget "LBAppConfigurationExampleUITests" */;
			buildPhases = (
				40ACE0E229F900CC0048F532 /* Sources */,
				40ACE0E329F900CC0048F532 /* Frameworks */,
				40ACE0E429F900CC0048F532 /* Resources */,
			);
			buildRules = (
			);
			dependencies = (
				40ACE0E829F900CC0048F532 /* PBXTargetDependency */,
			);
			name = LBAppConfigurationExampleUITests;
			productName = LBAppConfigurationExampleUITests;
			productReference = 40ACE0E629F900CC0048F532 /* LBAppConfigurationExampleUITests.xctest */;
			productType = "com.apple.product-type.bundle.ui-testing";
		};
/* End PBXNativeTarget section */

/* Begin PBXProject section */
		40ACE0B929F900CB0048F532 /* Project object */ = {
			isa = PBXProject;
			attributes = {
				BuildIndependentTargetsInParallel = 1;
				LastUpgradeCheck = 1430;
				TargetAttributes = {
					40ACE0C029F900CB0048F532 = {
						CreatedOnToolsVersion = 14.3;
					};
					40ACE0DB29F900CC0048F532 = {
						CreatedOnToolsVersion = 14.3;
						TestTargetID = 40ACE0C029F900CB0048F532;
					};
					40ACE0E529F900CC0048F532 = {
						CreatedOnToolsVersion = 14.3;
						TestTargetID = 40ACE0C029F900CB0048F532;
					};
				};
			};
			buildConfigurationList = 40ACE0BC29F900CB0048F532 /* Build configuration list for PBXProject "LBAppConfigurationExample" */;
			compatibilityVersion = "Xcode 14.0";
			developmentRegion = en;
			hasScannedForEncodings = 0;
			knownRegions = (
				en,
				Base,
			);
			mainGroup = 40ACE0B829F900CB0048F532;
			productRefGroup = 40ACE0C229F900CB0048F532 /* Products */;
			projectDirPath = "";
			projectRoot = "";
			targets = (
				40ACE0C029F900CB0048F532 /* LBAppConfigurationExample */,
				40ACE0DB29F900CC0048F532 /* LBAppConfigurationExampleTests */,
				40ACE0E529F900CC0048F532 /* LBAppConfigurationExampleUITests */,
			);
		};
/* End PBXProject section */

/* Begin PBXResourcesBuildPhase section */
		40ACE0BF29F900CB0048F532 /* Resources */ = {
			isa = PBXResourcesBuildPhase;
			buildActionMask = 2147483647;
			files = (
				40ACE0D429F900CC0048F532 /* LaunchScreen.storyboard in Resources */,
				40ACE0D129F900CC0048F532 /* Assets.xcassets in Resources */,
				40ACE19A29F911120048F532 /* LBAppConfiguration.podspec in Resources */,
			);
			runOnlyForDeploymentPostprocessing = 0;
		};
		40ACE0DA29F900CC0048F532 /* Resources */ = {
			isa = PBXResourcesBuildPhase;
			buildActionMask = 2147483647;
			files = (
			);
			runOnlyForDeploymentPostprocessing = 0;
		};
		40ACE0E429F900CC0048F532 /* Resources */ = {
			isa = PBXResourcesBuildPhase;
			buildActionMask = 2147483647;
			files = (
			);
			runOnlyForDeploymentPostprocessing = 0;
		};
/* End PBXResourcesBuildPhase section */

/* Begin PBXShellScriptBuildPhase section */
		870CD12FD2F2617D51986841 /* [CP] Check Pods Manifest.lock */ = {
			isa = PBXShellScriptBuildPhase;
			buildActionMask = 2147483647;
			files = (
			);
			inputFileListPaths = (
			);
			inputPaths = (
				"${PODS_PODFILE_DIR_PATH}/Podfile.lock",
				"${PODS_ROOT}/Manifest.lock",
			);
			name = "[CP] Check Pods Manifest.lock";
			outputFileListPaths = (
			);
			outputPaths = (
				"$(DERIVED_FILE_DIR)/Pods-LBAppConfigurationExample-checkManifestLockResult.txt",
			);
			runOnlyForDeploymentPostprocessing = 0;
			shellPath = /bin/sh;
			shellScript = "diff \"${PODS_PODFILE_DIR_PATH}/Podfile.lock\" \"${PODS_ROOT}/Manifest.lock\" > /dev/null\nif [ $? != 0 ] ; then\n    # print error to STDERR\n    echo \"error: The sandbox is not in sync with the Podfile.lock. Run 'pod install' or update your CocoaPods installation.\" >&2\n    exit 1\nfi\n# This output is used by Xcode 'outputs' to avoid re-running this script phase.\necho \"SUCCESS\" > \"${SCRIPT_OUTPUT_FILE_0}\"\n";
			showEnvVarsInLog = 0;
		};
		E68FF30E753C34B114B35D95 /* [CP] Embed Pods Frameworks */ = {
			isa = PBXShellScriptBuildPhase;
			buildActionMask = 2147483647;
			files = (
			);
			inputFileListPaths = (
				"${PODS_ROOT}/Target Support Files/Pods-LBAppConfigurationExample/Pods-LBAppConfigurationExample-frameworks-${CONFIGURATION}-input-files.xcfilelist",
			);
			name = "[CP] Embed Pods Frameworks";
			outputFileListPaths = (
				"${PODS_ROOT}/Target Support Files/Pods-LBAppConfigurationExample/Pods-LBAppConfigurationExample-frameworks-${CONFIGURATION}-output-files.xcfilelist",
			);
			runOnlyForDeploymentPostprocessing = 0;
			shellPath = /bin/sh;
			shellScript = "\"${PODS_ROOT}/Target Support Files/Pods-LBAppConfigurationExample/Pods-LBAppConfigurationExample-frameworks.sh\"\n";
			showEnvVarsInLog = 0;
		};
/* End PBXShellScriptBuildPhase section */

/* Begin PBXSourcesBuildPhase section */
		40ACE0BD29F900CB0048F532 /* Sources */ = {
			isa = PBXSourcesBuildPhase;
			buildActionMask = 2147483647;
			files = (
				40ACE0C629F900CB0048F532 /* AppDelegate.m in Sources */,
				40ACE20329FA06A00048F532 /* LBAppConfiguration.m in Sources */,
				40ACE20129FA06A00048F532 /* LBAppConfiguration+JPush.m in Sources */,
				40ACE0D729F900CC0048F532 /* main.m in Sources */,
				40ACE20429FA06A00048F532 /* LBAppConfiguration+Notifications.m in Sources */,
				40ACE20229FA06A00048F532 /* LBAppConfiguration+SDWebImage.m in Sources */,
				40ACE1EA29FA06930048F532 /* HomeViewController.m in Sources */,
				40ACE1EC29FA06930048F532 /* LoginViewController.m in Sources */,
				40ACE20529FA06A00048F532 /* LBAppConfiguration+Login.m in Sources */,
				40ACE1EB29FA06930048F532 /* TabBarViewController.m in Sources */,
				40ACE0C929F900CB0048F532 /* SceneDelegate.m in Sources */,
				40ACE20029FA06A00048F532 /* LBAppConfiguration+IQKeyboard.m in Sources */,
			);
			runOnlyForDeploymentPostprocessing = 0;
		};
		40ACE0D829F900CC0048F532 /* Sources */ = {
			isa = PBXSourcesBuildPhase;
			buildActionMask = 2147483647;
			files = (
				40ACE0E129F900CC0048F532 /* LBAppConfigurationExampleTests.m in Sources */,
			);
			runOnlyForDeploymentPostprocessing = 0;
		};
		40ACE0E229F900CC0048F532 /* Sources */ = {
			isa = PBXSourcesBuildPhase;
			buildActionMask = 2147483647;
			files = (
				40ACE0ED29F900CC0048F532 /* LBAppConfigurationExampleUITestsLaunchTests.m in Sources */,
				40ACE0EB29F900CC0048F532 /* LBAppConfigurationExampleUITests.m in Sources */,
			);
			runOnlyForDeploymentPostprocessing = 0;
		};
/* End PBXSourcesBuildPhase section */

/* Begin PBXTargetDependency section */
		40ACE0DE29F900CC0048F532 /* PBXTargetDependency */ = {
			isa = PBXTargetDependency;
			target = 40ACE0C029F900CB0048F532 /* LBAppConfigurationExample */;
			targetProxy = 40ACE0DD29F900CC0048F532 /* PBXContainerItemProxy */;
		};
		40ACE0E829F900CC0048F532 /* PBXTargetDependency */ = {
			isa = PBXTargetDependency;
			target = 40ACE0C029F900CB0048F532 /* LBAppConfigurationExample */;
			targetProxy = 40ACE0E729F900CC0048F532 /* PBXContainerItemProxy */;
		};
/* End PBXTargetDependency section */

/* Begin PBXVariantGroup section */
		40ACE0D229F900CC0048F532 /* LaunchScreen.storyboard */ = {
			isa = PBXVariantGroup;
			children = (
				40ACE0D329F900CC0048F532 /* Base */,
			);
			name = LaunchScreen.storyboard;
			sourceTree = "<group>";
		};
/* End PBXVariantGroup section */

/* Begin XCBuildConfiguration section */
		40ACE0EE29F900CC0048F532 /* Debug */ = {
			isa = XCBuildConfiguration;
			buildSettings = {
				ALWAYS_SEARCH_USER_PATHS = NO;
				CLANG_ANALYZER_NONNULL = YES;
				CLANG_ANALYZER_NUMBER_OBJECT_CONVERSION = YES_AGGRESSIVE;
				CLANG_CXX_LANGUAGE_STANDARD = "gnu++20";
				CLANG_ENABLE_MODULES = YES;
				CLANG_ENABLE_OBJC_ARC = YES;
				CLANG_ENABLE_OBJC_WEAK = YES;
				CLANG_WARN_BLOCK_CAPTURE_AUTORELEASING = YES;
				CLANG_WARN_BOOL_CONVERSION = YES;
				CLANG_WARN_COMMA = YES;
				CLANG_WARN_CONSTANT_CONVERSION = YES;
				CLANG_WARN_DEPRECATED_OBJC_IMPLEMENTATIONS = YES;
				CLANG_WARN_DIRECT_OBJC_ISA_USAGE = YES_ERROR;
				CLANG_WARN_DOCUMENTATION_COMMENTS = YES;
				CLANG_WARN_EMPTY_BODY = YES;
				CLANG_WARN_ENUM_CONVERSION = YES;
				CLANG_WARN_INFINITE_RECURSION = YES;
				CLANG_WARN_INT_CONVERSION = YES;
				CLANG_WARN_NON_LITERAL_NULL_CONVERSION = YES;
				CLANG_WARN_OBJC_IMPLICIT_RETAIN_SELF = YES;
				CLANG_WARN_OBJC_LITERAL_CONVERSION = YES;
				CLANG_WARN_OBJC_ROOT_CLASS = YES_ERROR;
				CLANG_WARN_QUOTED_INCLUDE_IN_FRAMEWORK_HEADER = YES;
				CLANG_WARN_RANGE_LOOP_ANALYSIS = YES;
				CLANG_WARN_STRICT_PROTOTYPES = YES;
				CLANG_WARN_SUSPICIOUS_MOVE = YES;
				CLANG_WARN_UNGUARDED_AVAILABILITY = YES_AGGRESSIVE;
				CLANG_WARN_UNREACHABLE_CODE = YES;
				CLANG_WARN__DUPLICATE_METHOD_MATCH = YES;
				COPY_PHASE_STRIP = NO;
				DEBUG_INFORMATION_FORMAT = dwarf;
				ENABLE_STRICT_OBJC_MSGSEND = YES;
				ENABLE_TESTABILITY = YES;
				GCC_C_LANGUAGE_STANDARD = gnu11;
				GCC_DYNAMIC_NO_PIC = NO;
				GCC_NO_COMMON_BLOCKS = YES;
				GCC_OPTIMIZATION_LEVEL = 0;
				GCC_PREPROCESSOR_DEFINITIONS = (
					"DEBUG=1",
					"$(inherited)",
				);
				GCC_WARN_64_TO_32_BIT_CONVERSION = YES;
				GCC_WARN_ABOUT_RETURN_TYPE = YES_ERROR;
				GCC_WARN_UNDECLARED_SELECTOR = YES;
				GCC_WARN_UNINITIALIZED_AUTOS = YES_AGGRESSIVE;
				GCC_WARN_UNUSED_FUNCTION = YES;
				GCC_WARN_UNUSED_VARIABLE = YES;
				IPHONEOS_DEPLOYMENT_TARGET = 16.4;
				MTL_ENABLE_DEBUG_INFO = INCLUDE_SOURCE;
				MTL_FAST_MATH = YES;
				ONLY_ACTIVE_ARCH = YES;
				SDKROOT = iphoneos;
			};
			name = Debug;
		};
		40ACE0EF29F900CC0048F532 /* Release */ = {
			isa = XCBuildConfiguration;
			buildSettings = {
				ALWAYS_SEARCH_USER_PATHS = NO;
				CLANG_ANALYZER_NONNULL = YES;
				CLANG_ANALYZER_NUMBER_OBJECT_CONVERSION = YES_AGGRESSIVE;
				CLANG_CXX_LANGUAGE_STANDARD = "gnu++20";
				CLANG_ENABLE_MODULES = YES;
				CLANG_ENABLE_OBJC_ARC = YES;
				CLANG_ENABLE_OBJC_WEAK = YES;
				CLANG_WARN_BLOCK_CAPTURE_AUTORELEASING = YES;
				CLANG_WARN_BOOL_CONVERSION = YES;
				CLANG_WARN_COMMA = YES;
				CLANG_WARN_CONSTANT_CONVERSION = YES;
				CLANG_WARN_DEPRECATED_OBJC_IMPLEMENTATIONS = YES;
				CLANG_WARN_DIRECT_OBJC_ISA_USAGE = YES_ERROR;
				CLANG_WARN_DOCUMENTATION_COMMENTS = YES;
				CLANG_WARN_EMPTY_BODY = YES;
				CLANG_WARN_ENUM_CONVERSION = YES;
				CLANG_WARN_INFINITE_RECURSION = YES;
				CLANG_WARN_INT_CONVERSION = YES;
				CLANG_WARN_NON_LITERAL_NULL_CONVERSION = YES;
				CLANG_WARN_OBJC_IMPLICIT_RETAIN_SELF = YES;
				CLANG_WARN_OBJC_LITERAL_CONVERSION = YES;
				CLANG_WARN_OBJC_ROOT_CLASS = YES_ERROR;
				CLANG_WARN_QUOTED_INCLUDE_IN_FRAMEWORK_HEADER = YES;
				CLANG_WARN_RANGE_LOOP_ANALYSIS = YES;
				CLANG_WARN_STRICT_PROTOTYPES = YES;
				CLANG_WARN_SUSPICIOUS_MOVE = YES;
				CLANG_WARN_UNGUARDED_AVAILABILITY = YES_AGGRESSIVE;
				CLANG_WARN_UNREACHABLE_CODE = YES;
				CLANG_WARN__DUPLICATE_METHOD_MATCH = YES;
				COPY_PHASE_STRIP = NO;
				DEBUG_INFORMATION_FORMAT = "dwarf-with-dsym";
				ENABLE_NS_ASSERTIONS = NO;
				ENABLE_STRICT_OBJC_MSGSEND = YES;
				GCC_C_LANGUAGE_STANDARD = gnu11;
				GCC_NO_COMMON_BLOCKS = YES;
				GCC_WARN_64_TO_32_BIT_CONVERSION = YES;
				GCC_WARN_ABOUT_RETURN_TYPE = YES_ERROR;
				GCC_WARN_UNDECLARED_SELECTOR = YES;
				GCC_WARN_UNINITIALIZED_AUTOS = YES_AGGRESSIVE;
				GCC_WARN_UNUSED_FUNCTION = YES;
				GCC_WARN_UNUSED_VARIABLE = YES;
				IPHONEOS_DEPLOYMENT_TARGET = 16.4;
				MTL_ENABLE_DEBUG_INFO = NO;
				MTL_FAST_MATH = YES;
				SDKROOT = iphoneos;
				VALIDATE_PRODUCT = YES;
			};
			name = Release;
		};
		40ACE0F129F900CC0048F532 /* Debug */ = {
			isa = XCBuildConfiguration;
			baseConfigurationReference = 101AC5F7AAD0126813BE463D /* Pods-LBAppConfigurationExample.debug.xcconfig */;
			buildSettings = {
				ASSETCATALOG_COMPILER_APPICON_NAME = AppIcon;
				ASSETCATALOG_COMPILER_GLOBAL_ACCENT_COLOR_NAME = AccentColor;
				CODE_SIGN_STYLE = Automatic;
				CURRENT_PROJECT_VERSION = 1;
				DEVELOPMENT_TEAM = 3E369PNQ75;
				"EXCLUDED_ARCHS[sdk=iphonesimulator*]" = arm64;
				GENERATE_INFOPLIST_FILE = YES;
				INFOPLIST_FILE = LBAppConfigurationExample/Info.plist;
				INFOPLIST_KEY_UIApplicationSupportsIndirectInputEvents = YES;
				INFOPLIST_KEY_UILaunchStoryboardName = LaunchScreen;
				INFOPLIST_KEY_UISupportedInterfaceOrientations = UIInterfaceOrientationPortrait;
				IPHONEOS_DEPLOYMENT_TARGET = 11.0;
				LD_RUNPATH_SEARCH_PATHS = (
					"$(inherited)",
					"@executable_path/Frameworks",
				);
				MARKETING_VERSION = 1.0;
				PRODUCT_BUNDLE_IDENTIFIER = com.liubin.LBAppConfigurationExample;
				PRODUCT_NAME = "$(TARGET_NAME)";
				SWIFT_EMIT_LOC_STRINGS = YES;
				TARGETED_DEVICE_FAMILY = "1,2";
			};
			name = Debug;
		};
		40ACE0F229F900CC0048F532 /* Release */ = {
			isa = XCBuildConfiguration;
			baseConfigurationReference = 3E5F4257CEE91D23F489679F /* Pods-LBAppConfigurationExample.release.xcconfig */;
			buildSettings = {
				ASSETCATALOG_COMPILER_APPICON_NAME = AppIcon;
				ASSETCATALOG_COMPILER_GLOBAL_ACCENT_COLOR_NAME = AccentColor;
				CODE_SIGN_STYLE = Automatic;
				CURRENT_PROJECT_VERSION = 1;
				DEVELOPMENT_TEAM = 3E369PNQ75;
				"EXCLUDED_ARCHS[sdk=iphonesimulator*]" = arm64;
				GENERATE_INFOPLIST_FILE = YES;
				INFOPLIST_FILE = LBAppConfigurationExample/Info.plist;
				INFOPLIST_KEY_UIApplicationSupportsIndirectInputEvents = YES;
				INFOPLIST_KEY_UILaunchStoryboardName = LaunchScreen;
				INFOPLIST_KEY_UISupportedInterfaceOrientations = UIInterfaceOrientationPortrait;
				IPHONEOS_DEPLOYMENT_TARGET = 11.0;
				LD_RUNPATH_SEARCH_PATHS = (
					"$(inherited)",
					"@executable_path/Frameworks",
				);
				MARKETING_VERSION = 1.0;
				PRODUCT_BUNDLE_IDENTIFIER = com.liubin.LBAppConfigurationExample;
				PRODUCT_NAME = "$(TARGET_NAME)";
				SWIFT_EMIT_LOC_STRINGS = YES;
				TARGETED_DEVICE_FAMILY = "1,2";
			};
			name = Release;
		};
		40ACE0F429F900CC0048F532 /* Debug */ = {
			isa = XCBuildConfiguration;
			buildSettings = {
				BUNDLE_LOADER = "$(TEST_HOST)";
				CODE_SIGN_STYLE = Automatic;
				CURRENT_PROJECT_VERSION = 1;
				DEVELOPMENT_TEAM = 3E369PNQ75;
				GENERATE_INFOPLIST_FILE = YES;
				IPHONEOS_DEPLOYMENT_TARGET = 16.4;
				MARKETING_VERSION = 1.0;
				PRODUCT_BUNDLE_IDENTIFIER = com.liubin.LBAppConfigurationExampleTests;
				PRODUCT_NAME = "$(TARGET_NAME)";
				SWIFT_EMIT_LOC_STRINGS = NO;
				TARGETED_DEVICE_FAMILY = "1,2";
				TEST_HOST = "$(BUILT_PRODUCTS_DIR)/LBAppConfigurationExample.app/$(BUNDLE_EXECUTABLE_FOLDER_PATH)/LBAppConfigurationExample";
			};
			name = Debug;
		};
		40ACE0F529F900CC0048F532 /* Release */ = {
			isa = XCBuildConfiguration;
			buildSettings = {
				BUNDLE_LOADER = "$(TEST_HOST)";
				CODE_SIGN_STYLE = Automatic;
				CURRENT_PROJECT_VERSION = 1;
				DEVELOPMENT_TEAM = 3E369PNQ75;
				GENERATE_INFOPLIST_FILE = YES;
				IPHONEOS_DEPLOYMENT_TARGET = 16.4;
				MARKETING_VERSION = 1.0;
				PRODUCT_BUNDLE_IDENTIFIER = com.liubin.LBAppConfigurationExampleTests;
				PRODUCT_NAME = "$(TARGET_NAME)";
				SWIFT_EMIT_LOC_STRINGS = NO;
				TARGETED_DEVICE_FAMILY = "1,2";
				TEST_HOST = "$(BUILT_PRODUCTS_DIR)/LBAppConfigurationExample.app/$(BUNDLE_EXECUTABLE_FOLDER_PATH)/LBAppConfigurationExample";
			};
			name = Release;
		};
		40ACE0F729F900CC0048F532 /* Debug */ = {
			isa = XCBuildConfiguration;
			buildSettings = {
				CODE_SIGN_STYLE = Automatic;
				CURRENT_PROJECT_VERSION = 1;
				DEVELOPMENT_TEAM = 3E369PNQ75;
				GENERATE_INFOPLIST_FILE = YES;
				MARKETING_VERSION = 1.0;
				PRODUCT_BUNDLE_IDENTIFIER = com.liubin.LBAppConfigurationExampleUITests;
				PRODUCT_NAME = "$(TARGET_NAME)";
				SWIFT_EMIT_LOC_STRINGS = NO;
				TARGETED_DEVICE_FAMILY = "1,2";
				TEST_TARGET_NAME = LBAppConfigurationExample;
			};
			name = Debug;
		};
		40ACE0F829F900CC0048F532 /* Release */ = {
			isa = XCBuildConfiguration;
			buildSettings = {
				CODE_SIGN_STYLE = Automatic;
				CURRENT_PROJECT_VERSION = 1;
				DEVELOPMENT_TEAM = 3E369PNQ75;
				GENERATE_INFOPLIST_FILE = YES;
				MARKETING_VERSION = 1.0;
				PRODUCT_BUNDLE_IDENTIFIER = com.liubin.LBAppConfigurationExampleUITests;
				PRODUCT_NAME = "$(TARGET_NAME)";
				SWIFT_EMIT_LOC_STRINGS = NO;
				TARGETED_DEVICE_FAMILY = "1,2";
				TEST_TARGET_NAME = LBAppConfigurationExample;
			};
			name = Release;
		};
/* End XCBuildConfiguration section */

/* Begin XCConfigurationList section */
		40ACE0BC29F900CB0048F532 /* Build configuration list for PBXProject "LBAppConfigurationExample" */ = {
			isa = XCConfigurationList;
			buildConfigurations = (
				40ACE0EE29F900CC0048F532 /* Debug */,
				40ACE0EF29F900CC0048F532 /* Release */,
			);
			defaultConfigurationIsVisible = 0;
			defaultConfigurationName = Release;
		};
		40ACE0F029F900CC0048F532 /* Build configuration list for PBXNativeTarget "LBAppConfigurationExample" */ = {
			isa = XCConfigurationList;
			buildConfigurations = (
				40ACE0F129F900CC0048F532 /* Debug */,
				40ACE0F229F900CC0048F532 /* Release */,
			);
			defaultConfigurationIsVisible = 0;
			defaultConfigurationName = Release;
		};
		40ACE0F329F900CC0048F532 /* Build configuration list for PBXNativeTarget "LBAppConfigurationExampleTests" */ = {
			isa = XCConfigurationList;
			buildConfigurations = (
				40ACE0F429F900CC0048F532 /* Debug */,
				40ACE0F529F900CC0048F532 /* Release */,
			);
			defaultConfigurationIsVisible = 0;
			defaultConfigurationName = Release;
		};
		40ACE0F629F900CC0048F532 /* Build configuration list for PBXNativeTarget "LBAppConfigurationExampleUITests" */ = {
			isa = XCConfigurationList;
			buildConfigurations = (
				40ACE0F729F900CC0048F532 /* Debug */,
				40ACE0F829F900CC0048F532 /* Release */,
			);
			defaultConfigurationIsVisible = 0;
			defaultConfigurationName = Release;
		};
/* End XCConfigurationList section */
	};
	rootObject = 40ACE0B929F900CB0048F532 /* Project object */;
}
